
Microsoft Visual Studio Solution File, Format Version 12.00
# Visual Studio Version 16
VisualStudioVersion = 16.0.29613.14
MinimumVisualStudioVersion = 10.0.40219.1
Project("{8BC9CEB8-8B4A-11D0-8D11-00A0C91BC942}") = "力扣--437路径综合", "力扣--437路径综合.vcxproj", "{69405CE5-5BC1-4E87-BB2C-C340B354E1EB}"
EndProject
Global
	GlobalSection(SolutionConfigurationPlatforms) = preSolution
		Debug|x64 = Debug|x64
		Debug|x86 = Debug|x86
		Release|x64 = Release|x64
		Release|x86 = Release|x86
	EndGlobalSection
	GlobalSection(ProjectConfigurationPlatforms) = postSolution
		{69405CE5-5BC1-4E87-BB2C-C340B354E1EB}.Debug|x64.ActiveCfg = Debug|x64
		{69405CE5-5BC1-4E87-BB2C-C340B354E1EB}.Debug|x64.Build.0 = Debug|x64
		{69405CE5-5BC1-4E87-BB2C-C340B354E1EB}.Debug|x86.ActiveCfg = Debug|Win32
		{69405CE5-5BC1-4E87-BB2C-C340B354E1EB}.Debug|x86.Build.0 = Debug|Win32
		{69405CE5-5BC1-4E87-BB2C-C340B354E1EB}.Release|x64.ActiveCfg = Release|x64
		{69405CE5-5BC1-4E87-BB2C-C340B354E1EB}.Release|x64.Build.0 = Release|x64
		{69405CE5-5BC1-4E87-BB2C-C340B354E1EB}.Release|x86.ActiveCfg = Release|Win32
		{69405CE5-5BC1-4E87-BB2C-C340B354E1EB}.Release|x86.Build.0 = Release|Win32
	EndGlobalSection
	GlobalSection(SolutionProperties) = preSolution
		HideSolutionNode = FALSE
	EndGlobalSection
	GlobalSection(ExtensibilityGlobals) = postSolution
		SolutionGuid = {326BEF27-2EEA-4298-AE8A-145FC8DED1F1}
	EndGlobalSection
EndGlobal
